{
  "requires": true,
  "lockfileVersion": 1,
  "dependencies": {
    "@types/waypoints": {
      "version": "4.0.1",
      "resolved": "https://registry.npmjs.org/@types/waypoints/-/waypoints-4.0.1.tgz",
      "integrity": "sha512-iGzJPnJ/kvs4NzcntS/ZqOn1uZNwSLumokFX7JVNDQxIBwQUPGmv9HgGQVeKGqvYsJ9mURRnXGilS8cRtf/0fg=="
    },
    "waypoints": {
      "version": "4.0.1",
      "resolved": "https://registry.npmjs.org/waypoints/-/waypoints-4.0.1.tgz",
      "integrity": "sha1-CZeaBXOBCylifLpDZqKEoGLsacg="
    }
  }
}
